
Microsoft Visual Studio Solution File, Format Version 12.00
# Visual Studio Version 16
VisualStudioVersion = 16.0.29009.5
MinimumVisualStudioVersion = 10.0.40219.1
Project("{FAE04EC0-301F-11D3-BF4B-00C04F79EFBC}") = "Interface", "Interface\Interface.csproj", "{F076EA8E-89B3-499B-ACFF-BEADECAB3E71}"
EndProject
Project("{FAE04EC0-301F-11D3-BF4B-00C04F79EFBC}") = "InterfaceWeb", "InterfaceWeb\InterfaceWeb.csproj", "{EBBE9149-04BA-4FB4-A7E7-870711A738D5}"
EndProject
Global
	GlobalSection(SolutionConfigurationPlatforms) = preSolution
		Debug|Any CPU = Debug|Any CPU
		Release|Any CPU = Release|Any CPU
	EndGlobalSection
	GlobalSection(ProjectConfigurationPlatforms) = postSolution
		{F076EA8E-89B3-499B-ACFF-BEADECAB3E71}.Debug|Any CPU.ActiveCfg = Debug|Any CPU
		{F076EA8E-89B3-499B-ACFF-BEADECAB3E71}.Debug|Any CPU.Build.0 = Debug|Any CPU
		{F076EA8E-89B3-499B-ACFF-BEADECAB3E71}.Debug|Any CPU.Deploy.0 = Debug|Any CPU
		{F076EA8E-89B3-499B-ACFF-BEADECAB3E71}.Release|Any CPU.ActiveCfg = Release|Any CPU
		{F076EA8E-89B3-499B-ACFF-BEADECAB3E71}.Release|Any CPU.Build.0 = Release|Any CPU
		{F076EA8E-89B3-499B-ACFF-BEADECAB3E71}.Release|Any CPU.Deploy.0 = Release|Any CPU
		{EBBE9149-04BA-4FB4-A7E7-870711A738D5}.Debug|Any CPU.ActiveCfg = Debug|Any CPU
		{EBBE9149-04BA-4FB4-A7E7-870711A738D5}.Debug|Any CPU.Build.0 = Debug|Any CPU
		{EBBE9149-04BA-4FB4-A7E7-870711A738D5}.Release|Any CPU.ActiveCfg = Release|Any CPU
		{EBBE9149-04BA-4FB4-A7E7-870711A738D5}.Release|Any CPU.Build.0 = Release|Any CPU
	EndGlobalSection
	GlobalSection(SolutionProperties) = preSolution
		HideSolutionNode = FALSE
	EndGlobalSection
	GlobalSection(ExtensibilityGlobals) = postSolution
		SolutionGuid = {DED70E99-B313-49D4-9D10-B5153F4B88C7}
	EndGlobalSection
EndGlobal
